
Microsoft Visual Studio Solution File, Format Version 12.00
# Visual Studio Version 17
VisualStudioVersion = 17.10.35013.160
MinimumVisualStudioVersion = 10.0.40219.1
Project("{FAE04EC0-301F-11D3-BF4B-00C04F79EFBC}") = "LinkedList", "LinkedList\LinkedList.csproj", "{15860299-982B-46A5-AB29-4DCB1CBBE804}"
EndProject
Global
	GlobalSection(SolutionConfigurationPlatforms) = preSolution
		Debug|Any CPU = Debug|Any CPU
		Release|Any CPU = Release|Any CPU
	EndGlobalSection
	GlobalSection(ProjectConfigurationPlatforms) = postSolution
		{15860299-982B-46A5-AB29-4DCB1CBBE804}.Debug|Any CPU.ActiveCfg = Debug|Any CPU
		{15860299-982B-46A5-AB29-4DCB1CBBE804}.Debug|Any CPU.Build.0 = Debug|Any CPU
		{15860299-982B-46A5-AB29-4DCB1CBBE804}.Release|Any CPU.ActiveCfg = Release|Any CPU
		{15860299-982B-46A5-AB29-4DCB1CBBE804}.Release|Any CPU.Build.0 = Release|Any CPU
	EndGlobalSection
	GlobalSection(SolutionProperties) = preSolution
		HideSolutionNode = FALSE
	EndGlobalSection
	GlobalSection(ExtensibilityGlobals) = postSolution
		SolutionGuid = {66B59555-E5F9-4A52-B1C1-EB66A66A686E}
	EndGlobalSection
EndGlobal
